// !$*UTF8*$!
{
	archiveVersion = 1;
	classes = {
	};
	objectVersion = 77;
	objects = {

/* Begin PBXBuildFile section */
		22F273A32D5C0D0B00BD0D0C /* SplashScreenKit in Frameworks */ = {isa = PBXBuildFile; productRef = 22F273A22D5C0D0B00BD0D0C /* SplashScreenKit */; };
/* End PBXBuildFile section */

/* Begin PBXContainerItemProxy section */
		2297838B2D5A9F620074649E /* PBXContainerItemProxy */ = {
			isa = PBXContainerItemProxy;
			containerPortal = 229783702D5A9F600074649E /* Project object */;
			proxyType = 1;
			remoteGlobalIDString = 229783772D5A9F600074649E;
			remoteInfo = detaile;
		};
		229783952D5A9F620074649E /* PBXContainerItemProxy */ = {
			isa = PBXContainerItemProxy;
			containerPortal = 229783702D5A9F600074649E /* Project object */;
			proxyType = 1;
			remoteGlobalIDString = 229783772D5A9F600074649E;
			remoteInfo = detaile;
		};
/* End PBXContainerItemProxy section */

/* Begin PBXFileReference section */
		229783782D5A9F600074649E /* detaile.app */ = {isa = PBXFileReference; explicitFileType = wrapper.application; includeInIndex = 0; path = detaile.app; sourceTree = BUILT_PRODUCTS_DIR; };
		2297838A2D5A9F620074649E /* detaileTests.xctest */ = {isa = PBXFileReference; explicitFileType = wrapper.cfbundle; includeInIndex = 0; path = detaileTests.xctest; sourceTree = BUILT_PRODUCTS_DIR; };
		229783942D5A9F620074649E /* detaileUITests.xctest */ = {isa = PBXFileReference; explicitFileType = wrapper.cfbundle; includeInIndex = 0; path = detaileUITests.xctest; sourceTree = BUILT_PRODUCTS_DIR; };
/* End PBXFileReference section */

/* Begin PBXFileSystemSynchronizedRootGroup section */
		2297837A2D5A9F600074649E /* detaile */ = {
			isa = PBXFileSystemSynchronizedRootGroup;
			path = detaile;
			sourceTree = "<group>";
		};
		2297838D2D5A9F620074649E /* detaileTests */ = {
			isa = PBXFileSystemSynchronizedRootGroup;
			path = detaileTests;
			sourceTree = "<group>";
		};
		229783972D5A9F620074649E /* detaileUITests */ = {
			isa = PBXFileSystemSynchronizedRootGroup;
			path = detaileUITests;
			sourceTree = "<group>";
		};
/* End PBXFileSystemSynchronizedRootGroup section */

/* Begin PBXFrameworksBuildPhase section */
		229783752D5A9F600074649E /* Frameworks */ = {
			isa = PBXFrameworksBuildPhase;
			buildActionMask = 2147483647;
			files = (
				22F273A32D5C0D0B00BD0D0C /* SplashScreenKit in Frameworks */,
			);
			runOnlyForDeploymentPostprocessing = 0;
		};
		229783872D5A9F620074649E /* Frameworks */ = {
			isa = PBXFrameworksBuildPhase;
			buildActionMask = 2147483647;
			files = (
			);
			runOnlyForDeploymentPostprocessing = 0;
		};
		229783912D5A9F620074649E /* Frameworks */ = {
			isa = PBXFrameworksBuildPhase;
			buildActionMask = 2147483647;
			files = (
			);
			runOnlyForDeploymentPostprocessing = 0;
		};
/* End PBXFrameworksBuildPhase section */

/* Begin PBXGroup section */
		2297836F2D5A9F600074649E = {
			isa = PBXGroup;
			children = (
				2297837A2D5A9F600074649E /* detaile */,
				2297838D2D5A9F620074649E /* detaileTests */,
				229783972D5A9F620074649E /* detaileUITests */,
				22F273A12D5C0D0B00BD0D0C /* Frameworks */,
				229783792D5A9F600074649E /* Products */,
			);
			sourceTree = "<group>";
		};
		229783792D5A9F600074649E /* Products */ = {
			isa = PBXGroup;
			children = (
				229783782D5A9F600074649E /* detaile.app */,
				2297838A2D5A9F620074649E /* detaileTests.xctest */,
				229783942D5A9F620074649E /* detaileUITests.xctest */,
			);
			name = Products;
			sourceTree = "<group>";
		};
		22F273A12D5C0D0B00BD0D0C /* Frameworks */ = {
			isa = PBXGroup;
			children = (
			);
			name = Frameworks;
			sourceTree = "<group>";
		};
/* End PBXGroup section */

/* Begin PBXNativeTarget section */
		229783772D5A9F600074649E /* detaile */ = {
			isa = PBXNativeTarget;
			buildConfigurationList = 2297839E2D5A9F620074649E /* Build configuration list for PBXNativeTarget "detaile" */;
			buildPhases = (
				229783742D5A9F600074649E /* Sources */,
				229783752D5A9F600074649E /* Frameworks */,
				229783762D5A9F600074649E /* Resources */,
			);
			buildRules = (
			);
			dependencies = (
			);
			fileSystemSynchronizedGroups = (
				2297837A2D5A9F600074649E /* detaile */,
			);
			name = detaile;
			packageProductDependencies = (
				22F273A22D5C0D0B00BD0D0C /* SplashScreenKit */,
			);
			productName = detaile;
			productReference = 229783782D5A9F600074649E /* detaile.app */;
			productType = "com.apple.product-type.application";
		};
		229783892D5A9F620074649E /* detaileTests */ = {
			isa = PBXNativeTarget;
			buildConfigurationList = 229783A12D5A9F620074649E /* Build configuration list for PBXNativeTarget "detaileTests" */;
			buildPhases = (
				229783862D5A9F620074649E /* Sources */,
				229783872D5A9F620074649E /* Frameworks */,
				229783882D5A9F620074649E /* Resources */,
			);
			buildRules = (
			);
			dependencies = (
				2297838C2D5A9F620074649E /* PBXTargetDependency */,
			);
			fileSystemSynchronizedGroups = (
				2297838D2D5A9F620074649E /* detaileTests */,
			);
			name = detaileTests;
			packageProductDependencies = (
			);
			productName = detaileTests;
			productReference = 2297838A2D5A9F620074649E /* detaileTests.xctest */;
			productType = "com.apple.product-type.bundle.unit-test";
		};
		229783932D5A9F620074649E /* detaileUITests */ = {
			isa = PBXNativeTarget;
			buildConfigurationList = 229783A42D5A9F620074649E /* Build configuration list for PBXNativeTarget "detaileUITests" */;
			buildPhases = (
				229783902D5A9F620074649E /* Sources */,
				229783912D5A9F620074649E /* Frameworks */,
				229783922D5A9F620074649E /* Resources */,
			);
			buildRules = (
			);
			dependencies = (
				229783962D5A9F620074649E /* PBXTargetDependency */,
			);
			fileSystemSynchronizedGroups = (
				229783972D5A9F620074649E /* detaileUITests */,
			);
			name = detaileUITests;
			packageProductDependencies = (
			);
			productName = detaileUITests;
			productReference = 229783942D5A9F620074649E /* detaileUITests.xctest */;
			productType = "com.apple.product-type.bundle.ui-testing";
		};
/* End PBXNativeTarget section */

/* Begin PBXProject section */
		229783702D5A9F600074649E /* Project object */ = {
			isa = PBXProject;
			attributes = {
				BuildIndependentTargetsInParallel = 1;
				LastSwiftUpdateCheck = 1620;
				LastUpgradeCheck = 1620;
				TargetAttributes = {
					229783772D5A9F600074649E = {
						CreatedOnToolsVersion = 16.2;
					};
					229783892D5A9F620074649E = {
						CreatedOnToolsVersion = 16.2;
						TestTargetID = 229783772D5A9F600074649E;
					};
					229783932D5A9F620074649E = {
						CreatedOnToolsVersion = 16.2;
						TestTargetID = 229783772D5A9F600074649E;
					};
				};
			};
			buildConfigurationList = 229783732D5A9F600074649E /* Build configuration list for PBXProject "detaile" */;
			developmentRegion = en;
			hasScannedForEncodings = 0;
			knownRegions = (
				en,
				Base,
			);
			mainGroup = 2297836F2D5A9F600074649E;
			minimizedProjectReferenceProxies = 1;
			packageReferences = (
				22F273A02D5C09E800BD0D0C /* XCRemoteSwiftPackageReference "19-Splash-Screen-for-SwiftUI" */,
			);
			preferredProjectObjectVersion = 77;
			productRefGroup = 229783792D5A9F600074649E /* Products */;
			projectDirPath = "";
			projectRoot = "";
			targets = (
				229783772D5A9F600074649E /* detaile */,
				229783892D5A9F620074649E /* detaileTests */,
				229783932D5A9F620074649E /* detaileUITests */,
			);
		};
/* End PBXProject section */

/* Begin PBXResourcesBuildPhase section */
		229783762D5A9F600074649E /* Resources */ = {
			isa = PBXResourcesBuildPhase;
			buildActionMask = 2147483647;
			files = (
			);
			runOnlyForDeploymentPostprocessing = 0;
		};
		229783882D5A9F620074649E /* Resources */ = {
			isa = PBXResourcesBuildPhase;
			buildActionMask = 2147483647;
			files = (
			);
			runOnlyForDeploymentPostprocessing = 0;
		};
		229783922D5A9F620074649E /* Resources */ = {
			isa = PBXResourcesBuildPhase;
			buildActionMask = 2147483647;
			files = (
			);
			runOnlyForDeploymentPostprocessing = 0;
		};
/* End PBXResourcesBuildPhase section */

/* Begin PBXSourcesBuildPhase section */
		229783742D5A9F600074649E /* Sources */ = {
			isa = PBXSourcesBuildPhase;
			buildActionMask = 2147483647;
			files = (
			);
			runOnlyForDeploymentPostprocessing = 0;
		};
		229783862D5A9F620074649E /* Sources */ = {
			isa = PBXSourcesBuildPhase;
			buildActionMask = 2147483647;
			files = (
			);
			runOnlyForDeploymentPostprocessing = 0;
		};
		229783902D5A9F620074649E /* Sources */ = {
			isa = PBXSourcesBuildPhase;
			buildActionMask = 2147483647;
			files = (
			);
			runOnlyForDeploymentPostprocessing = 0;
		};
/* End PBXSourcesBuildPhase section */

/* Begin PBXTargetDependency section */
		2297838C2D5A9F620074649E /* PBXTargetDependency */ = {
			isa = PBXTargetDependency;
			target = 229783772D5A9F600074649E /* detaile */;
			targetProxy = 2297838B2D5A9F620074649E /* PBXContainerItemProxy */;
		};
		229783962D5A9F620074649E /* PBXTargetDependency */ = {
			isa = PBXTargetDependency;
			target = 229783772D5A9F600074649E /* detaile */;
			targetProxy = 229783952D5A9F620074649E /* PBXContainerItemProxy */;
		};
/* End PBXTargetDependency section */

/* Begin XCBuildConfiguration section */
		2297839C2D5A9F620074649E /* Debug */ = {
			isa = XCBuildConfiguration;
			buildSettings = {
				ALWAYS_SEARCH_USER_PATHS = NO;
				ASSETCATALOG_COMPILER_GENERATE_SWIFT_ASSET_SYMBOL_EXTENSIONS = YES;
				CLANG_ANALYZER_NONNULL = YES;
				CLANG_ANALYZER_NUMBER_OBJECT_CONVERSION = YES_AGGRESSIVE;
				CLANG_CXX_LANGUAGE_STANDARD = "gnu++20";
				CLANG_ENABLE_MODULES = YES;
				CLANG_ENABLE_OBJC_ARC = YES;
				CLANG_ENABLE_OBJC_WEAK = YES;
				CLANG_WARN_BLOCK_CAPTURE_AUTORELEASING = YES;
				CLANG_WARN_BOOL_CONVERSION = YES;
				CLANG_WARN_COMMA = YES;
				CLANG_WARN_CONSTANT_CONVERSION = YES;
				CLANG_WARN_DEPRECATED_OBJC_IMPLEMENTATIONS = YES;
				CLANG_WARN_DIRECT_OBJC_ISA_USAGE = YES_ERROR;
				CLANG_WARN_DOCUMENTATION_COMMENTS = YES;
				CLANG_WARN_EMPTY_BODY = YES;
				CLANG_WARN_ENUM_CONVERSION = YES;
				CLANG_WARN_INFINITE_RECURSION = YES;
				CLANG_WARN_INT_CONVERSION = YES;
				CLANG_WARN_NON_LITERAL_NULL_CONVERSION = YES;
				CLANG_WARN_OBJC_IMPLICIT_RETAIN_SELF = YES;
				CLANG_WARN_OBJC_LITERAL_CONVERSION = YES;
				CLANG_WARN_OBJC_ROOT_CLASS = YES_ERROR;
				CLANG_WARN_QUOTED_INCLUDE_IN_FRAMEWORK_HEADER = YES;
				CLANG_WARN_RANGE_LOOP_ANALYSIS = YES;
				CLANG_WARN_STRICT_PROTOTYPES = YES;
				CLANG_WARN_SUSPICIOUS_MOVE = YES;
				CLANG_WARN_UNGUARDED_AVAILABILITY = YES_AGGRESSIVE;
				CLANG_WARN_UNREACHABLE_CODE = YES;
				CLANG_WARN__DUPLICATE_METHOD_MATCH = YES;
				COPY_PHASE_STRIP = NO;
				DEBUG_INFORMATION_FORMAT = dwarf;
				ENABLE_STRICT_OBJC_MSGSEND = YES;
				ENABLE_TESTABILITY = YES;
				ENABLE_USER_SCRIPT_SANDBOXING = YES;
				GCC_C_LANGUAGE_STANDARD = gnu17;
				GCC_DYNAMIC_NO_PIC = NO;
				GCC_NO_COMMON_BLOCKS = YES;
				GCC_OPTIMIZATION_LEVEL = 0;
				GCC_PREPROCESSOR_DEFINITIONS = (
					"DEBUG=1",
					"$(inherited)",
				);
				GCC_WARN_64_TO_32_BIT_CONVERSION = YES;
				GCC_WARN_ABOUT_RETURN_TYPE = YES_ERROR;
				GCC_WARN_UNDECLARED_SELECTOR = YES;
				GCC_WARN_UNINITIALIZED_AUTOS = YES_AGGRESSIVE;
				GCC_WARN_UNUSED_FUNCTION = YES;
				GCC_WARN_UNUSED_VARIABLE = YES;
				IPHONEOS_DEPLOYMENT_TARGET = 18.2;
				LOCALIZATION_PREFERS_STRING_CATALOGS = YES;
				MTL_ENABLE_DEBUG_INFO = INCLUDE_SOURCE;
				MTL_FAST_MATH = YES;
				ONLY_ACTIVE_ARCH = YES;
				SDKROOT = iphoneos;
				SWIFT_ACTIVE_COMPILATION_CONDITIONS = "DEBUG $(inherited)";
				SWIFT_OPTIMIZATION_LEVEL = "-Onone";
			};
			name = Debug;
		};
		2297839D2D5A9F620074649E /* Release */ = {
			isa = XCBuildConfiguration;
			buildSettings = {
				ALWAYS_SEARCH_USER_PATHS = NO;
				ASSETCATALOG_COMPILER_GENERATE_SWIFT_ASSET_SYMBOL_EXTENSIONS = YES;
				CLANG_ANALYZER_NONNULL = YES;
				CLANG_ANALYZER_NUMBER_OBJECT_CONVERSION = YES_AGGRESSIVE;
				CLANG_CXX_LANGUAGE_STANDARD = "gnu++20";
				CLANG_ENABLE_MODULES = YES;
				CLANG_ENABLE_OBJC_ARC = YES;
				CLANG_ENABLE_OBJC_WEAK = YES;
				CLANG_WARN_BLOCK_CAPTURE_AUTORELEASING = YES;
				CLANG_WARN_BOOL_CONVERSION = YES;
				CLANG_WARN_COMMA = YES;
				CLANG_WARN_CONSTANT_CONVERSION = YES;
				CLANG_WARN_DEPRECATED_OBJC_IMPLEMENTATIONS = YES;
				CLANG_WARN_DIRECT_OBJC_ISA_USAGE = YES_ERROR;
				CLANG_WARN_DOCUMENTATION_COMMENTS = YES;
				CLANG_WARN_EMPTY_BODY = YES;
				CLANG_WARN_ENUM_CONVERSION = YES;
				CLANG_WARN_INFINITE_RECURSION = YES;
				CLANG_WARN_INT_CONVERSION = YES;
				CLANG_WARN_NON_LITERAL_NULL_CONVERSION = YES;
				CLANG_WARN_OBJC_IMPLICIT_RETAIN_SELF = YES;
				CLANG_WARN_OBJC_LITERAL_CONVERSION = YES;
				CLANG_WARN_OBJC_ROOT_CLASS = YES_ERROR;
				CLANG_WARN_QUOTED_INCLUDE_IN_FRAMEWORK_HEADER = YES;
				CLANG_WARN_RANGE_LOOP_ANALYSIS = YES;
				CLANG_WARN_STRICT_PROTOTYPES = YES;
				CLANG_WARN_SUSPICIOUS_MOVE = YES;
				CLANG_WARN_UNGUARDED_AVAILABILITY = YES_AGGRESSIVE;
				CLANG_WARN_UNREACHABLE_CODE = YES;
				CLANG_WARN__DUPLICATE_METHOD_MATCH = YES;
				COPY_PHASE_STRIP = NO;
				DEBUG_INFORMATION_FORMAT = "dwarf-with-dsym";
				ENABLE_NS_ASSERTIONS = NO;
				ENABLE_STRICT_OBJC_MSGSEND = YES;
				ENABLE_USER_SCRIPT_SANDBOXING = YES;
				GCC_C_LANGUAGE_STANDARD = gnu17;
				GCC_NO_COMMON_BLOCKS = YES;
				GCC_WARN_64_TO_32_BIT_CONVERSION = YES;
				GCC_WARN_ABOUT_RETURN_TYPE = YES_ERROR;
				GCC_WARN_UNDECLARED_SELECTOR = YES;
				GCC_WARN_UNINITIALIZED_AUTOS = YES_AGGRESSIVE;
				GCC_WARN_UNUSED_FUNCTION = YES;
				GCC_WARN_UNUSED_VARIABLE = YES;
				IPHONEOS_DEPLOYMENT_TARGET = 18.2;
				LOCALIZATION_PREFERS_STRING_CATALOGS = YES;
				MTL_ENABLE_DEBUG_INFO = NO;
				MTL_FAST_MATH = YES;
				SDKROOT = iphoneos;
				SWIFT_COMPILATION_MODE = wholemodule;
				VALIDATE_PRODUCT = YES;
			};
			name = Release;
		};
		2297839F2D5A9F620074649E /* Debug */ = {
			isa = XCBuildConfiguration;
			buildSettings = {
				ASSETCATALOG_COMPILER_APPICON_NAME = AppIcon;
				ASSETCATALOG_COMPILER_GLOBAL_ACCENT_COLOR_NAME = AccentColor;
				CODE_SIGN_STYLE = Automatic;
				CURRENT_PROJECT_VERSION = 1;
				DEVELOPMENT_ASSET_PATHS = "\"detaile/Preview Content\"";
				DEVELOPMENT_TEAM = 55LBKRHCKU;
				ENABLE_PREVIEWS = YES;
				GENERATE_INFOPLIST_FILE = YES;
				INFOPLIST_KEY_UIApplicationSceneManifest_Generation = YES;
				INFOPLIST_KEY_UIApplicationSupportsIndirectInputEvents = YES;
				INFOPLIST_KEY_UILaunchScreen_Generation = YES;
				INFOPLIST_KEY_UISupportedInterfaceOrientations_iPad = "UIInterfaceOrientationPortrait UIInterfaceOrientationPortraitUpsideDown UIInterfaceOrientationLandscapeLeft UIInterfaceOrientationLandscapeRight";
				INFOPLIST_KEY_UISupportedInterfaceOrientations_iPhone = "UIInterfaceOrientationPortrait UIInterfaceOrientationLandscapeLeft UIInterfaceOrientationLandscapeRight";
				LD_RUNPATH_SEARCH_PATHS = (
					"$(inherited)",
					"@executable_path/Frameworks",
				);
				MARKETING_VERSION = 1.0;
				PRODUCT_BUNDLE_IDENTIFIER = denislavd.detaile;
				PRODUCT_NAME = "$(TARGET_NAME)";
				SWIFT_EMIT_LOC_STRINGS = YES;
				SWIFT_VERSION = 5.0;
				TARGETED_DEVICE_FAMILY = "1,2";
			};
			name = Debug;
		};
		229783A02D5A9F620074649E /* Release */ = {
			isa = XCBuildConfiguration;
			buildSettings = {
				ASSETCATALOG_COMPILER_APPICON_NAME = AppIcon;
				ASSETCATALOG_COMPILER_GLOBAL_ACCENT_COLOR_NAME = AccentColor;
				CODE_SIGN_STYLE = Automatic;
				CURRENT_PROJECT_VERSION = 1;
				DEVELOPMENT_ASSET_PATHS = "\"detaile/Preview Content\"";
				DEVELOPMENT_TEAM = 55LBKRHCKU;
				ENABLE_PREVIEWS = YES;
				GENERATE_INFOPLIST_FILE = YES;
				INFOPLIST_KEY_UIApplicationSceneManifest_Generation = YES;
				INFOPLIST_KEY_UIApplicationSupportsIndirectInputEvents = YES;
				INFOPLIST_KEY_UILaunchScreen_Generation = YES;
				INFOPLIST_KEY_UISupportedInterfaceOrientations_iPad = "UIInterfaceOrientationPortrait UIInterfaceOrientationPortraitUpsideDown UIInterfaceOrientationLandscapeLeft UIInterfaceOrientationLandscapeRight";
				INFOPLIST_KEY_UISupportedInterfaceOrientations_iPhone = "UIInterfaceOrientationPortrait UIInterfaceOrientationLandscapeLeft UIInterfaceOrientationLandscapeRight";
				LD_RUNPATH_SEARCH_PATHS = (
					"$(inherited)",
					"@executable_path/Frameworks",
				);
				MARKETING_VERSION = 1.0;
				PRODUCT_BUNDLE_IDENTIFIER = denislavd.detaile;
				PRODUCT_NAME = "$(TARGET_NAME)";
				SWIFT_EMIT_LOC_STRINGS = YES;
				SWIFT_VERSION = 5.0;
				TARGETED_DEVICE_FAMILY = "1,2";
			};
			name = Release;
		};
		229783A22D5A9F620074649E /* Debug */ = {
			isa = XCBuildConfiguration;
			buildSettings = {
				BUNDLE_LOADER = "$(TEST_HOST)";
				CODE_SIGN_STYLE = Automatic;
				CURRENT_PROJECT_VERSION = 1;
				DEVELOPMENT_TEAM = 55LBKRHCKU;
				GENERATE_INFOPLIST_FILE = YES;
				IPHONEOS_DEPLOYMENT_TARGET = 18.2;
				MARKETING_VERSION = 1.0;
				PRODUCT_BUNDLE_IDENTIFIER = denislavd.detaileTests;
				PRODUCT_NAME = "$(TARGET_NAME)";
				SWIFT_EMIT_LOC_STRINGS = NO;
				SWIFT_VERSION = 5.0;
				TARGETED_DEVICE_FAMILY = "1,2";
				TEST_HOST = "$(BUILT_PRODUCTS_DIR)/detaile.app/$(BUNDLE_EXECUTABLE_FOLDER_PATH)/detaile";
			};
			name = Debug;
		};
		229783A32D5A9F620074649E /* Release */ = {
			isa = XCBuildConfiguration;
			buildSettings = {
				BUNDLE_LOADER = "$(TEST_HOST)";
				CODE_SIGN_STYLE = Automatic;
				CURRENT_PROJECT_VERSION = 1;
				DEVELOPMENT_TEAM = 55LBKRHCKU;
				GENERATE_INFOPLIST_FILE = YES;
				IPHONEOS_DEPLOYMENT_TARGET = 18.2;
				MARKETING_VERSION = 1.0;
				PRODUCT_BUNDLE_IDENTIFIER = denislavd.detaileTests;
				PRODUCT_NAME = "$(TARGET_NAME)";
				SWIFT_EMIT_LOC_STRINGS = NO;
				SWIFT_VERSION = 5.0;
				TARGETED_DEVICE_FAMILY = "1,2";
				TEST_HOST = "$(BUILT_PRODUCTS_DIR)/detaile.app/$(BUNDLE_EXECUTABLE_FOLDER_PATH)/detaile";
			};
			name = Release;
		};
		229783A52D5A9F620074649E /* Debug */ = {
			isa = XCBuildConfiguration;
			buildSettings = {
				CODE_SIGN_STYLE = Automatic;
				CURRENT_PROJECT_VERSION = 1;
				DEVELOPMENT_TEAM = 55LBKRHCKU;
				GENERATE_INFOPLIST_FILE = YES;
				MARKETING_VERSION = 1.0;
				PRODUCT_BUNDLE_IDENTIFIER = denislavd.detaileUITests;
				PRODUCT_NAME = "$(TARGET_NAME)";
				SWIFT_EMIT_LOC_STRINGS = NO;
				SWIFT_VERSION = 5.0;
				TARGETED_DEVICE_FAMILY = "1,2";
				TEST_TARGET_NAME = detaile;
			};
			name = Debug;
		};
		229783A62D5A9F620074649E /* Release */ = {
			isa = XCBuildConfiguration;
			buildSettings = {
				CODE_SIGN_STYLE = Automatic;
				CURRENT_PROJECT_VERSION = 1;
				DEVELOPMENT_TEAM = 55LBKRHCKU;
				GENERATE_INFOPLIST_FILE = YES;
				MARKETING_VERSION = 1.0;
				PRODUCT_BUNDLE_IDENTIFIER = denislavd.detaileUITests;
				PRODUCT_NAME = "$(TARGET_NAME)";
				SWIFT_EMIT_LOC_STRINGS = NO;
				SWIFT_VERSION = 5.0;
				TARGETED_DEVICE_FAMILY = "1,2";
				TEST_TARGET_NAME = detaile;
			};
			name = Release;
		};
/* End XCBuildConfiguration section */

/* Begin XCConfigurationList section */
		229783732D5A9F600074649E /* Build configuration list for PBXProject "detaile" */ = {
			isa = XCConfigurationList;
			buildConfigurations = (
				2297839C2D5A9F620074649E /* Debug */,
				2297839D2D5A9F620074649E /* Release */,
			);
			defaultConfigurationIsVisible = 0;
			defaultConfigurationName = Release;
		};
		2297839E2D5A9F620074649E /* Build configuration list for PBXNativeTarget "detaile" */ = {
			isa = XCConfigurationList;
			buildConfigurations = (
				2297839F2D5A9F620074649E /* Debug */,
				229783A02D5A9F620074649E /* Release */,
			);
			defaultConfigurationIsVisible = 0;
			defaultConfigurationName = Release;
		};
		229783A12D5A9F620074649E /* Build configuration list for PBXNativeTarget "detaileTests" */ = {
			isa = XCConfigurationList;
			buildConfigurations = (
				229783A22D5A9F620074649E /* Debug */,
				229783A32D5A9F620074649E /* Release */,
			);
			defaultConfigurationIsVisible = 0;
			defaultConfigurationName = Release;
		};
		229783A42D5A9F620074649E /* Build configuration list for PBXNativeTarget "detaileUITests" */ = {
			isa = XCConfigurationList;
			buildConfigurations = (
				229783A52D5A9F620074649E /* Debug */,
				229783A62D5A9F620074649E /* Release */,
			);
			defaultConfigurationIsVisible = 0;
			defaultConfigurationName = Release;
		};
/* End XCConfigurationList section */

/* Begin XCRemoteSwiftPackageReference section */
		22F273A02D5C09E800BD0D0C /* XCRemoteSwiftPackageReference "19-Splash-Screen-for-SwiftUI" */ = {
			isa = XCRemoteSwiftPackageReference;
			repositoryURL = "https://github.com/1998code/19-Splash-Screen-for-SwiftUI";
			requirement = {
				kind = upToNextMajorVersion;
				minimumVersion = 1.1.0;
			};
		};
/* End XCRemoteSwiftPackageReference section */

/* Begin XCSwiftPackageProductDependency section */
		22F273A22D5C0D0B00BD0D0C /* SplashScreenKit */ = {
			isa = XCSwiftPackageProductDependency;
			package = 22F273A02D5C09E800BD0D0C /* XCRemoteSwiftPackageReference "19-Splash-Screen-for-SwiftUI" */;
			productName = SplashScreenKit;
		};
/* End XCSwiftPackageProductDependency section */
	};
	rootObject = 229783702D5A9F600074649E /* Project object */;
}
